
Microsoft Visual Studio Solution File, Format Version 12.00
# Visual Studio Version 16
VisualStudioVersion = 16.0.30413.136
MinimumVisualStudioVersion = 10.0.40219.1
Project("{FAE04EC0-301F-11D3-BF4B-00C04F79EFBC}") = "HeteroGayMod", "HeteroGayMod.csproj", "{08B1E7BB-236F-4E44-A3DF-93EA2012337B}"
EndProject
Global
	GlobalSection(SolutionConfigurationPlatforms) = preSolution
		Debug|Any CPU = Debug|Any CPU
		Release|Any CPU = Release|Any CPU
	EndGlobalSection
	GlobalSection(ProjectConfigurationPlatforms) = postSolution
		{08B1E7BB-236F-4E44-A3DF-93EA2012337B}.Debug|Any CPU.ActiveCfg = Debug|Any CPU
		{08B1E7BB-236F-4E44-A3DF-93EA2012337B}.Debug|Any CPU.Build.0 = Debug|Any CPU
		{08B1E7BB-236F-4E44-A3DF-93EA2012337B}.Release|Any CPU.ActiveCfg = Release|Any CPU
		{08B1E7BB-236F-4E44-A3DF-93EA2012337B}.Release|Any CPU.Build.0 = Release|Any CPU
	EndGlobalSection
	GlobalSection(SolutionProperties) = preSolution
		HideSolutionNode = FALSE
	EndGlobalSection
	GlobalSection(ExtensibilityGlobals) = postSolution
		SolutionGuid = {4701522B-7BDF-4F0D-A291-67E4CC3D8597}
	EndGlobalSection
EndGlobal
